// !$*UTF8*$!
{
	archiveVersion = 1;
	classes = {
	};
	objectVersion = 50;
	objects = {

/* Begin PBXBuildFile section */
		81C65E08F8C24ADAA22AB03D /* Pods_LocationFinderTests.framework in Frameworks */ = {isa = PBXBuildFile; fileRef = 3F30E8320F437D8749E7991A /* Pods_LocationFinderTests.framework */; };
		A167328420D8C3CC00279692 /* LocationFinderAPI.swift in Sources */ = {isa = PBXBuildFile; fileRef = A167328320D8C3CC00279692 /* LocationFinderAPI.swift */; };
		A167328720D8C40C00279692 /* NetworkSettings.swift in Sources */ = {isa = PBXBuildFile; fileRef = A167328620D8C40C00279692 /* NetworkSettings.swift */; };
		A167328B20D8C5CD00279692 /* HTTPError.swift in Sources */ = {isa = PBXBuildFile; fileRef = A167328A20D8C5CD00279692 /* HTTPError.swift */; };
		A167328D20D8C5DB00279692 /* JSONError.swift in Sources */ = {isa = PBXBuildFile; fileRef = A167328C20D8C5DB00279692 /* JSONError.swift */; };
		A167328F20D8C5F300279692 /* MapperError.swift in Sources */ = {isa = PBXBuildFile; fileRef = A167328E20D8C5F300279692 /* MapperError.swift */; };
		A167329120D8C64800279692 /* ErrorCatcher.swift in Sources */ = {isa = PBXBuildFile; fileRef = A167329020D8C64800279692 /* ErrorCatcher.swift */; };
		A167329420D8C6CE00279692 /* PlaceEntity.swift in Sources */ = {isa = PBXBuildFile; fileRef = A167329320D8C6CE00279692 /* PlaceEntity.swift */; };
		A167329720D8C74B00279692 /* MappableEntity.swift in Sources */ = {isa = PBXBuildFile; fileRef = A167329620D8C74B00279692 /* MappableEntity.swift */; };
		A167329A20D8C77500279692 /* GenericEntityMapper.swift in Sources */ = {isa = PBXBuildFile; fileRef = A167329920D8C77500279692 /* GenericEntityMapper.swift */; };
		A167329D20D8C7C600279692 /* PlaceEntity+MappableEntity.swift in Sources */ = {isa = PBXBuildFile; fileRef = A167329C20D8C7C600279692 /* PlaceEntity+MappableEntity.swift */; };
		A16732A020D8C87F00279692 /* GoogleRepository.swift in Sources */ = {isa = PBXBuildFile; fileRef = A167329F20D8C87F00279692 /* GoogleRepository.swift */; };
		A16732A320D8C8CE00279692 /* GoogleNetworkRepository.swift in Sources */ = {isa = PBXBuildFile; fileRef = A16732A220D8C8CE00279692 /* GoogleNetworkRepository.swift */; };
		A1DACFD520D8256800301418 /* AppDelegate.swift in Sources */ = {isa = PBXBuildFile; fileRef = A1DACFD420D8256800301418 /* AppDelegate.swift */; };
		A1DACFDA20D8256800301418 /* Main.storyboard in Resources */ = {isa = PBXBuildFile; fileRef = A1DACFD820D8256800301418 /* Main.storyboard */; };
		A1DACFDC20D8256B00301418 /* Assets.xcassets in Resources */ = {isa = PBXBuildFile; fileRef = A1DACFDB20D8256B00301418 /* Assets.xcassets */; };
		A1DACFDF20D8256B00301418 /* LaunchScreen.storyboard in Resources */ = {isa = PBXBuildFile; fileRef = A1DACFDD20D8256B00301418 /* LaunchScreen.storyboard */; };
		A1DACFEA20D8256B00301418 /* LocationFinderTests.swift in Sources */ = {isa = PBXBuildFile; fileRef = A1DACFE920D8256B00301418 /* LocationFinderTests.swift */; };
		A1F185D920D929A600D917D8 /* PlaceModel.swift in Sources */ = {isa = PBXBuildFile; fileRef = A1F185D820D929A600D917D8 /* PlaceModel.swift */; };
		A1F185DB20D929D600D917D8 /* MappableModel.swift in Sources */ = {isa = PBXBuildFile; fileRef = A1F185DA20D929D600D917D8 /* MappableModel.swift */; };
		A1F185DE20D92A0400D917D8 /* GenericModelMapper.swift in Sources */ = {isa = PBXBuildFile; fileRef = A1F185DD20D92A0400D917D8 /* GenericModelMapper.swift */; };
		A1F185E120D92A2E00D917D8 /* PlaceModel+Mappable.swift in Sources */ = {isa = PBXBuildFile; fileRef = A1F185E020D92A2E00D917D8 /* PlaceModel+Mappable.swift */; };
		A1F185E320D92B5400D917D8 /* FetchPlacesUseCase.swift in Sources */ = {isa = PBXBuildFile; fileRef = A1F185E220D92B5400D917D8 /* FetchPlacesUseCase.swift */; };
		A1F185E820D93AE300D917D8 /* UIViewController+NavigationBar.swift in Sources */ = {isa = PBXBuildFile; fileRef = A1F185E720D93AE300D917D8 /* UIViewController+NavigationBar.swift */; };
		A1F185EB20D93B0F00D917D8 /* NavigationBarTheme.swift in Sources */ = {isa = PBXBuildFile; fileRef = A1F185EA20D93B0F00D917D8 /* NavigationBarTheme.swift */; };
		A1F185ED20D93B2C00D917D8 /* DefaultNavigationBarTheme.swift in Sources */ = {isa = PBXBuildFile; fileRef = A1F185EC20D93B2C00D917D8 /* DefaultNavigationBarTheme.swift */; };
		A1F185F220D93C1100D917D8 /* TableViewAdapter.swift in Sources */ = {isa = PBXBuildFile; fileRef = A1F185F120D93C1100D917D8 /* TableViewAdapter.swift */; };
		A1F185F520D93D4400D917D8 /* SearchPlaceViewController.swift in Sources */ = {isa = PBXBuildFile; fileRef = A1F185F420D93D4400D917D8 /* SearchPlaceViewController.swift */; };
		A1F185F720D93D7D00D917D8 /* SearchPlacePresenter.swift in Sources */ = {isa = PBXBuildFile; fileRef = A1F185F620D93D7D00D917D8 /* SearchPlacePresenter.swift */; };
		A1F185F920D93D9000D917D8 /* SearchPlaceConfigurator.swift in Sources */ = {isa = PBXBuildFile; fileRef = A1F185F820D93D9000D917D8 /* SearchPlaceConfigurator.swift */; };
		A1F185FB20D93D9900D917D8 /* SearchPlaceRouter.swift in Sources */ = {isa = PBXBuildFile; fileRef = A1F185FA20D93D9900D917D8 /* SearchPlaceRouter.swift */; };
		A1F185FD20D9402F00D917D8 /* PlacesTableViewAdapter.swift in Sources */ = {isa = PBXBuildFile; fileRef = A1F185FC20D9402F00D917D8 /* PlacesTableViewAdapter.swift */; };
		A1F1860020D940B500D917D8 /* PlaceViewModel.swift in Sources */ = {isa = PBXBuildFile; fileRef = A1F185FF20D940B500D917D8 /* PlaceViewModel.swift */; };
		A1F1860320D9419500D917D8 /* PlaceTableViewCell.xib in Resources */ = {isa = PBXBuildFile; fileRef = A1F1860220D9419500D917D8 /* PlaceTableViewCell.xib */; };
		A1F1860620D9420900D917D8 /* R.generated.swift in Sources */ = {isa = PBXBuildFile; fileRef = A1F1860520D9420900D917D8 /* R.generated.swift */; };
		A1F1860820D942F900D917D8 /* PlaceTableViewCell.swift in Sources */ = {isa = PBXBuildFile; fileRef = A1F1860720D942F900D917D8 /* PlaceTableViewCell.swift */; };
		A1F1860B20D943DD00D917D8 /* MappableViewModel.swift in Sources */ = {isa = PBXBuildFile; fileRef = A1F1860A20D943DD00D917D8 /* MappableViewModel.swift */; };
		A1F1860E20D9440800D917D8 /* GenericViewModelMapper.swift in Sources */ = {isa = PBXBuildFile; fileRef = A1F1860D20D9440800D917D8 /* GenericViewModelMapper.swift */; };
		A1F1861120D9446000D917D8 /* PlaceViewModel+Mappable.swift in Sources */ = {isa = PBXBuildFile; fileRef = A1F1861020D9446000D917D8 /* PlaceViewModel+Mappable.swift */; };
		A1F1861420D9479400D917D8 /* RepositoryDependencyInjection.swift in Sources */ = {isa = PBXBuildFile; fileRef = A1F1861320D9479400D917D8 /* RepositoryDependencyInjection.swift */; };
		A1F1861620D947B500D917D8 /* UseCaseDependencyInjection.swift in Sources */ = {isa = PBXBuildFile; fileRef = A1F1861520D947B500D917D8 /* UseCaseDependencyInjection.swift */; };
		A1F1861820D9489000D917D8 /* SceneDependencyInjection.swift in Sources */ = {isa = PBXBuildFile; fileRef = A1F1861720D9489000D917D8 /* SceneDependencyInjection.swift */; };
		A1F1861A20D948D900D917D8 /* SwinjectStoryboard+Setup.swift in Sources */ = {isa = PBXBuildFile; fileRef = A1F1861920D948D900D917D8 /* SwinjectStoryboard+Setup.swift */; };
		A1F1862920D9565C00D917D8 /* MapViewAdapter.swift in Sources */ = {isa = PBXBuildFile; fileRef = A1F1862820D9565C00D917D8 /* MapViewAdapter.swift */; };
		A1F1862B20D956ED00D917D8 /* MapScreenViewController.swift in Sources */ = {isa = PBXBuildFile; fileRef = A1F1862A20D956ED00D917D8 /* MapScreenViewController.swift */; };
		A1F1862D20D9574A00D917D8 /* MapScreenPresenter.swift in Sources */ = {isa = PBXBuildFile; fileRef = A1F1862C20D9574A00D917D8 /* MapScreenPresenter.swift */; };
		A1F1862F20D9577A00D917D8 /* MapScreenRouter.swift in Sources */ = {isa = PBXBuildFile; fileRef = A1F1862E20D9577A00D917D8 /* MapScreenRouter.swift */; };
		A1F1863120D957B800D917D8 /* MapScreenConfigurator.swift in Sources */ = {isa = PBXBuildFile; fileRef = A1F1863020D957B800D917D8 /* MapScreenConfigurator.swift */; };
		A1F1863620D99EAC00D917D8 /* PlacesMapViewAdapter.swift in Sources */ = {isa = PBXBuildFile; fileRef = A1F1863520D99EAC00D917D8 /* PlacesMapViewAdapter.swift */; };
		A1F1863920DA0A0300D917D8 /* CLLocationCoordinate2D+Equatable.swift in Sources */ = {isa = PBXBuildFile; fileRef = A1F1863820DA0A0300D917D8 /* CLLocationCoordinate2D+Equatable.swift */; };
		F36F9566C9A7589BAF0A97EA /* Pods_LocationFinder.framework in Frameworks */ = {isa = PBXBuildFile; fileRef = 937277D6780614D0306CB859 /* Pods_LocationFinder.framework */; };
/* End PBXBuildFile section */

/* Begin PBXContainerItemProxy section */
		A1DACFE620D8256B00301418 /* PBXContainerItemProxy */ = {
			isa = PBXContainerItemProxy;
			containerPortal = A1DACFC920D8256800301418 /* Project object */;
			proxyType = 1;
			remoteGlobalIDString = A1DACFD020D8256800301418;
			remoteInfo = LocationFinder;
		};
/* End PBXContainerItemProxy section */

/* Begin PBXFileReference section */
		22D11D95DEC742B86E1F2A07 /* Pods-LocationFinder.release.xcconfig */ = {isa = PBXFileReference; includeInIndex = 1; lastKnownFileType = text.xcconfig; name = "Pods-LocationFinder.release.xcconfig"; path = "Pods/Target Support Files/Pods-LocationFinder/Pods-LocationFinder.release.xcconfig"; sourceTree = "<group>"; };
		32BFC656E9B4D02A1856EA42 /* Pods-LocationFinder.debug.xcconfig */ = {isa = PBXFileReference; includeInIndex = 1; lastKnownFileType = text.xcconfig; name = "Pods-LocationFinder.debug.xcconfig"; path = "Pods/Target Support Files/Pods-LocationFinder/Pods-LocationFinder.debug.xcconfig"; sourceTree = "<group>"; };
		39917E49568C253F2496B304 /* Pods-LocationFinderTests.debug.xcconfig */ = {isa = PBXFileReference; includeInIndex = 1; lastKnownFileType = text.xcconfig; name = "Pods-LocationFinderTests.debug.xcconfig"; path = "Pods/Target Support Files/Pods-LocationFinderTests/Pods-LocationFinderTests.debug.xcconfig"; sourceTree = "<group>"; };
		3F30E8320F437D8749E7991A /* Pods_LocationFinderTests.framework */ = {isa = PBXFileReference; explicitFileType = wrapper.framework; includeInIndex = 0; path = Pods_LocationFinderTests.framework; sourceTree = BUILT_PRODUCTS_DIR; };
		60CCFA51D2D4F317D786B154 /* Pods-LocationFinderTests.release.xcconfig */ = {isa = PBXFileReference; includeInIndex = 1; lastKnownFileType = text.xcconfig; name = "Pods-LocationFinderTests.release.xcconfig"; path = "Pods/Target Support Files/Pods-LocationFinderTests/Pods-LocationFinderTests.release.xcconfig"; sourceTree = "<group>"; };
		937277D6780614D0306CB859 /* Pods_LocationFinder.framework */ = {isa = PBXFileReference; explicitFileType = wrapper.framework; includeInIndex = 0; path = Pods_LocationFinder.framework; sourceTree = BUILT_PRODUCTS_DIR; };
		A167328320D8C3CC00279692 /* LocationFinderAPI.swift */ = {isa = PBXFileReference; lastKnownFileType = sourcecode.swift; path = LocationFinderAPI.swift; sourceTree = "<group>"; };
		A167328620D8C40C00279692 /* NetworkSettings.swift */ = {isa = PBXFileReference; lastKnownFileType = sourcecode.swift; path = NetworkSettings.swift; sourceTree = "<group>"; };
		A167328A20D8C5CD00279692 /* HTTPError.swift */ = {isa = PBXFileReference; lastKnownFileType = sourcecode.swift; path = HTTPError.swift; sourceTree = "<group>"; };
		A167328C20D8C5DB00279692 /* JSONError.swift */ = {isa = PBXFileReference; lastKnownFileType = sourcecode.swift; path = JSONError.swift; sourceTree = "<group>"; };
		A167328E20D8C5F300279692 /* MapperError.swift */ = {isa = PBXFileReference; lastKnownFileType = sourcecode.swift; path = MapperError.swift; sourceTree = "<group>"; };
		A167329020D8C64800279692 /* ErrorCatcher.swift */ = {isa = PBXFileReference; lastKnownFileType = sourcecode.swift; path = ErrorCatcher.swift; sourceTree = "<group>"; };
		A167329320D8C6CE00279692 /* PlaceEntity.swift */ = {isa = PBXFileReference; lastKnownFileType = sourcecode.swift; path = PlaceEntity.swift; sourceTree = "<group>"; };
		A167329620D8C74B00279692 /* MappableEntity.swift */ = {isa = PBXFileReference; lastKnownFileType = sourcecode.swift; path = MappableEntity.swift; sourceTree = "<group>"; };
		A167329920D8C77500279692 /* GenericEntityMapper.swift */ = {isa = PBXFileReference; lastKnownFileType = sourcecode.swift; path = GenericEntityMapper.swift; sourceTree = "<group>"; };
		A167329C20D8C7C600279692 /* PlaceEntity+MappableEntity.swift */ = {isa = PBXFileReference; lastKnownFileType = sourcecode.swift; path = "PlaceEntity+MappableEntity.swift"; sourceTree = "<group>"; };
		A167329F20D8C87F00279692 /* GoogleRepository.swift */ = {isa = PBXFileReference; lastKnownFileType = sourcecode.swift; path = GoogleRepository.swift; sourceTree = "<group>"; };
		A16732A220D8C8CE00279692 /* GoogleNetworkRepository.swift */ = {isa = PBXFileReference; lastKnownFileType = sourcecode.swift; path = GoogleNetworkRepository.swift; sourceTree = "<group>"; };
		A1DACFD120D8256800301418 /* LocationFinder.app */ = {isa = PBXFileReference; explicitFileType = wrapper.application; includeInIndex = 0; path = LocationFinder.app; sourceTree = BUILT_PRODUCTS_DIR; };
		A1DACFD420D8256800301418 /* AppDelegate.swift */ = {isa = PBXFileReference; lastKnownFileType = sourcecode.swift; path = AppDelegate.swift; sourceTree = "<group>"; };
		A1DACFD920D8256800301418 /* Base */ = {isa = PBXFileReference; lastKnownFileType = file.storyboard; name = Base; path = Base.lproj/Main.storyboard; sourceTree = "<group>"; };
		A1DACFDB20D8256B00301418 /* Assets.xcassets */ = {isa = PBXFileReference; lastKnownFileType = folder.assetcatalog; path = Assets.xcassets; sourceTree = "<group>"; };
		A1DACFDE20D8256B00301418 /* Base */ = {isa = PBXFileReference; lastKnownFileType = file.storyboard; name = Base; path = Base.lproj/LaunchScreen.storyboard; sourceTree = "<group>"; };
		A1DACFE020D8256B00301418 /* Info.plist */ = {isa = PBXFileReference; lastKnownFileType = text.plist.xml; path = Info.plist; sourceTree = "<group>"; };
		A1DACFE520D8256B00301418 /* LocationFinderTests.xctest */ = {isa = PBXFileReference; explicitFileType = wrapper.cfbundle; includeInIndex = 0; path = LocationFinderTests.xctest; sourceTree = BUILT_PRODUCTS_DIR; };
		A1DACFE920D8256B00301418 /* LocationFinderTests.swift */ = {isa = PBXFileReference; lastKnownFileType = sourcecode.swift; path = LocationFinderTests.swift; sourceTree = "<group>"; };
		A1DACFEB20D8256B00301418 /* Info.plist */ = {isa = PBXFileReference; lastKnownFileType = text.plist.xml; path = Info.plist; sourceTree = "<group>"; };
		A1F185D820D929A600D917D8 /* PlaceModel.swift */ = {isa = PBXFileReference; lastKnownFileType = sourcecode.swift; path = PlaceModel.swift; sourceTree = "<group>"; };
		A1F185DA20D929D600D917D8 /* MappableModel.swift */ = {isa = PBXFileReference; lastKnownFileType = sourcecode.swift; path = MappableModel.swift; sourceTree = "<group>"; };
		A1F185DD20D92A0400D917D8 /* GenericModelMapper.swift */ = {isa = PBXFileReference; lastKnownFileType = sourcecode.swift; path = GenericModelMapper.swift; sourceTree = "<group>"; };
		A1F185E020D92A2E00D917D8 /* PlaceModel+Mappable.swift */ = {isa = PBXFileReference; lastKnownFileType = sourcecode.swift; path = "PlaceModel+Mappable.swift"; sourceTree = "<group>"; };
		A1F185E220D92B5400D917D8 /* FetchPlacesUseCase.swift */ = {isa = PBXFileReference; lastKnownFileType = sourcecode.swift; path = FetchPlacesUseCase.swift; sourceTree = "<group>"; };
		A1F185E720D93AE300D917D8 /* UIViewController+NavigationBar.swift */ = {isa = PBXFileReference; lastKnownFileType = sourcecode.swift; path = "UIViewController+NavigationBar.swift"; sourceTree = "<group>"; };
		A1F185EA20D93B0F00D917D8 /* NavigationBarTheme.swift */ = {isa = PBXFileReference; lastKnownFileType = sourcecode.swift; path = NavigationBarTheme.swift; sourceTree = "<group>"; };
		A1F185EC20D93B2C00D917D8 /* DefaultNavigationBarTheme.swift */ = {isa = PBXFileReference; lastKnownFileType = sourcecode.swift; path = DefaultNavigationBarTheme.swift; sourceTree = "<group>"; };
		A1F185F120D93C1100D917D8 /* TableViewAdapter.swift */ = {isa = PBXFileReference; lastKnownFileType = sourcecode.swift; path = TableViewAdapter.swift; sourceTree = "<group>"; };
		A1F185F420D93D4400D917D8 /* SearchPlaceViewController.swift */ = {isa = PBXFileReference; lastKnownFileType = sourcecode.swift; path = SearchPlaceViewController.swift; sourceTree = "<group>"; };
		A1F185F620D93D7D00D917D8 /* SearchPlacePresenter.swift */ = {isa = PBXFileReference; lastKnownFileType = sourcecode.swift; path = SearchPlacePresenter.swift; sourceTree = "<group>"; };
		A1F185F820D93D9000D917D8 /* SearchPlaceConfigurator.swift */ = {isa = PBXFileReference; lastKnownFileType = sourcecode.swift; path = SearchPlaceConfigurator.swift; sourceTree = "<group>"; };
		A1F185FA20D93D9900D917D8 /* SearchPlaceRouter.swift */ = {isa = PBXFileReference; lastKnownFileType = sourcecode.swift; path = SearchPlaceRouter.swift; sourceTree = "<group>"; };
		A1F185FC20D9402F00D917D8 /* PlacesTableViewAdapter.swift */ = {isa = PBXFileReference; lastKnownFileType = sourcecode.swift; path = PlacesTableViewAdapter.swift; sourceTree = "<group>"; };
		A1F185FF20D940B500D917D8 /* PlaceViewModel.swift */ = {isa = PBXFileReference; lastKnownFileType = sourcecode.swift; path = PlaceViewModel.swift; sourceTree = "<group>"; };
		A1F1860220D9419500D917D8 /* PlaceTableViewCell.xib */ = {isa = PBXFileReference; lastKnownFileType = file.xib; path = PlaceTableViewCell.xib; sourceTree = "<group>"; };
		A1F1860520D9420900D917D8 /* R.generated.swift */ = {isa = PBXFileReference; fileEncoding = 4; lastKnownFileType = sourcecode.swift; path = R.generated.swift; sourceTree = SOURCE_ROOT; };
		A1F1860720D942F900D917D8 /* PlaceTableViewCell.swift */ = {isa = PBXFileReference; lastKnownFileType = sourcecode.swift; path = PlaceTableViewCell.swift; sourceTree = "<group>"; };
		A1F1860A20D943DD00D917D8 /* MappableViewModel.swift */ = {isa = PBXFileReference; lastKnownFileType = sourcecode.swift; path = MappableViewModel.swift; sourceTree = "<group>"; };
		A1F1860D20D9440800D917D8 /* GenericViewModelMapper.swift */ = {isa = PBXFileReference; lastKnownFileType = sourcecode.swift; path = GenericViewModelMapper.swift; sourceTree = "<group>"; };
		A1F1861020D9446000D917D8 /* PlaceViewModel+Mappable.swift */ = {isa = PBXFileReference; lastKnownFileType = sourcecode.swift; path = "PlaceViewModel+Mappable.swift"; sourceTree = "<group>"; };
		A1F1861320D9479400D917D8 /* RepositoryDependencyInjection.swift */ = {isa = PBXFileReference; lastKnownFileType = sourcecode.swift; path = RepositoryDependencyInjection.swift; sourceTree = "<group>"; };
		A1F1861520D947B500D917D8 /* UseCaseDependencyInjection.swift */ = {isa = PBXFileReference; lastKnownFileType = sourcecode.swift; path = UseCaseDependencyInjection.swift; sourceTree = "<group>"; };
		A1F1861720D9489000D917D8 /* SceneDependencyInjection.swift */ = {isa = PBXFileReference; lastKnownFileType = sourcecode.swift; path = SceneDependencyInjection.swift; sourceTree = "<group>"; };
		A1F1861920D948D900D917D8 /* SwinjectStoryboard+Setup.swift */ = {isa = PBXFileReference; lastKnownFileType = sourcecode.swift; path = "SwinjectStoryboard+Setup.swift"; sourceTree = "<group>"; };
		A1F1862420D94D7000D917D8 /* pt */ = {isa = PBXFileReference; lastKnownFileType = text.plist.strings; name = pt; path = pt.lproj/Main.strings; sourceTree = "<group>"; };
		A1F1862520D94D7000D917D8 /* pt */ = {isa = PBXFileReference; lastKnownFileType = text.plist.strings; name = pt; path = pt.lproj/LaunchScreen.strings; sourceTree = "<group>"; };
		A1F1862720D94DA500D917D8 /* en */ = {isa = PBXFileReference; lastKnownFileType = text.plist.strings; name = en; path = en.lproj/Main.strings; sourceTree = "<group>"; };
		A1F1862820D9565C00D917D8 /* MapViewAdapter.swift */ = {isa = PBXFileReference; lastKnownFileType = sourcecode.swift; path = MapViewAdapter.swift; sourceTree = "<group>"; };
		A1F1862A20D956ED00D917D8 /* MapScreenViewController.swift */ = {isa = PBXFileReference; lastKnownFileType = sourcecode.swift; path = MapScreenViewController.swift; sourceTree = "<group>"; };
		A1F1862C20D9574A00D917D8 /* MapScreenPresenter.swift */ = {isa = PBXFileReference; lastKnownFileType = sourcecode.swift; path = MapScreenPresenter.swift; sourceTree = "<group>"; };
		A1F1862E20D9577A00D917D8 /* MapScreenRouter.swift */ = {isa = PBXFileReference; lastKnownFileType = sourcecode.swift; path = MapScreenRouter.swift; sourceTree = "<group>"; };
		A1F1863020D957B800D917D8 /* MapScreenConfigurator.swift */ = {isa = PBXFileReference; lastKnownFileType = sourcecode.swift; path = MapScreenConfigurator.swift; sourceTree = "<group>"; };
		A1F1863520D99EAC00D917D8 /* PlacesMapViewAdapter.swift */ = {isa = PBXFileReference; lastKnownFileType = sourcecode.swift; path = PlacesMapViewAdapter.swift; sourceTree = "<group>"; };
		A1F1863820DA0A0300D917D8 /* CLLocationCoordinate2D+Equatable.swift */ = {isa = PBXFileReference; lastKnownFileType = sourcecode.swift; path = "CLLocationCoordinate2D+Equatable.swift"; sourceTree = "<group>"; };
/* End PBXFileReference section */

/* Begin PBXFrameworksBuildPhase section */
		A1DACFCE20D8256800301418 /* Frameworks */ = {
			isa = PBXFrameworksBuildPhase;
			buildActionMask = 2147483647;
			files = (
				F36F9566C9A7589BAF0A97EA /* Pods_LocationFinder.framework in Frameworks */,
			);
			runOnlyForDeploymentPostprocessing = 0;
		};
		A1DACFE220D8256B00301418 /* Frameworks */ = {
			isa = PBXFrameworksBuildPhase;
			buildActionMask = 2147483647;
			files = (
				81C65E08F8C24ADAA22AB03D /* Pods_LocationFinderTests.framework in Frameworks */,
			);
			runOnlyForDeploymentPostprocessing = 0;
		};
/* End PBXFrameworksBuildPhase section */

/* Begin PBXGroup section */
		3AC7858165759E5376A53D23 /* Pods */ = {
			isa = PBXGroup;
			children = (
				32BFC656E9B4D02A1856EA42 /* Pods-LocationFinder.debug.xcconfig */,
				22D11D95DEC742B86E1F2A07 /* Pods-LocationFinder.release.xcconfig */,
				39917E49568C253F2496B304 /* Pods-LocationFinderTests.debug.xcconfig */,
				60CCFA51D2D4F317D786B154 /* Pods-LocationFinderTests.release.xcconfig */,
			);
			name = Pods;
			sourceTree = "<group>";
		};
		541CB3F9E9477A29E7007473 /* Frameworks */ = {
			isa = PBXGroup;
			children = (
				937277D6780614D0306CB859 /* Pods_LocationFinder.framework */,
				3F30E8320F437D8749E7991A /* Pods_LocationFinderTests.framework */,
			);
			name = Frameworks;
			sourceTree = "<group>";
		};
		A167328220D8C3B900279692 /* Network */ = {
			isa = PBXGroup;
			children = (
				A167328820D8C41000279692 /* Error */,
				A167328520D8C3FD00279692 /* Endpoint */,
				A167328620D8C40C00279692 /* NetworkSettings.swift */,
			);
			path = Network;
			sourceTree = "<group>";
		};
		A167328520D8C3FD00279692 /* Endpoint */ = {
			isa = PBXGroup;
			children = (
				A167328320D8C3CC00279692 /* LocationFinderAPI.swift */,
			);
			path = Endpoint;
			sourceTree = "<group>";
		};
		A167328820D8C41000279692 /* Error */ = {
			isa = PBXGroup;
			children = (
				A167328920D8C5C000279692 /* Catcher */,
				A167328A20D8C5CD00279692 /* HTTPError.swift */,
				A167328C20D8C5DB00279692 /* JSONError.swift */,
				A167328E20D8C5F300279692 /* MapperError.swift */,
			);
			path = Error;
			sourceTree = "<group>";
		};
		A167328920D8C5C000279692 /* Catcher */ = {
			isa = PBXGroup;
			children = (
				A167329020D8C64800279692 /* ErrorCatcher.swift */,
			);
			path = Catcher;
			sourceTree = "<group>";
		};
		A167329220D8C6AE00279692 /* Entity */ = {
			isa = PBXGroup;
			children = (
				A167329320D8C6CE00279692 /* PlaceEntity.swift */,
			);
			path = Entity;
			sourceTree = "<group>";
		};
		A167329520D8C71D00279692 /* Mapper */ = {
			isa = PBXGroup;
			children = (
				A167329B20D8C79B00279692 /* Entity */,
				A167329820D8C75600279692 /* Generic */,
				A167329620D8C74B00279692 /* MappableEntity.swift */,
			);
			path = Mapper;
			sourceTree = "<group>";
		};
		A167329820D8C75600279692 /* Generic */ = {
			isa = PBXGroup;
			children = (
				A167329920D8C77500279692 /* GenericEntityMapper.swift */,
			);
			path = Generic;
			sourceTree = "<group>";
		};
		A167329B20D8C79B00279692 /* Entity */ = {
			isa = PBXGroup;
			children = (
				A167329C20D8C7C600279692 /* PlaceEntity+MappableEntity.swift */,
			);
			path = Entity;
			sourceTree = "<group>";
		};
		A167329E20D8C85C00279692 /* Repository */ = {
			isa = PBXGroup;
			children = (
				A16732A120D8C8BD00279692 /* Google */,
			);
			path = Repository;
			sourceTree = "<group>";
		};
		A16732A120D8C8BD00279692 /* Google */ = {
			isa = PBXGroup;
			children = (
				A167329F20D8C87F00279692 /* GoogleRepository.swift */,
				A16732A220D8C8CE00279692 /* GoogleNetworkRepository.swift */,
			);
			path = Google;
			sourceTree = "<group>";
		};
		A1DACFC820D8256800301418 = {
			isa = PBXGroup;
			children = (
				A1DACFD320D8256800301418 /* LocationFinder */,
				A1DACFE820D8256B00301418 /* LocationFinderTests */,
				A1DACFD220D8256800301418 /* Products */,
				3AC7858165759E5376A53D23 /* Pods */,
				541CB3F9E9477A29E7007473 /* Frameworks */,
			);
			sourceTree = "<group>";
		};
		A1DACFD220D8256800301418 /* Products */ = {
			isa = PBXGroup;
			children = (
				A1DACFD120D8256800301418 /* LocationFinder.app */,
				A1DACFE520D8256B00301418 /* LocationFinderTests.xctest */,
			);
			name = Products;
			sourceTree = "<group>";
		};
		A1DACFD320D8256800301418 /* LocationFinder */ = {
			isa = PBXGroup;
			children = (
				A1F1861220D9475700D917D8 /* Dependency Injection */,
				A1DACFF920D8BEE600301418 /* Presentation */,
				A1DACFF820D8BEE100301418 /* Domain */,
				A1DACFF720D8BEDC00301418 /* Store */,
				A1DACFF620D8BEB300301418 /* Support Files */,
			);
			path = LocationFinder;
			sourceTree = "<group>";
		};
		A1DACFE820D8256B00301418 /* LocationFinderTests */ = {
			isa = PBXGroup;
			children = (
				A1DACFE920D8256B00301418 /* LocationFinderTests.swift */,
				A1DACFEB20D8256B00301418 /* Info.plist */,
			);
			path = LocationFinderTests;
			sourceTree = "<group>";
		};
		A1DACFF620D8BEB300301418 /* Support Files */ = {
			isa = PBXGroup;
			children = (
				A1DACFD420D8256800301418 /* AppDelegate.swift */,
				A1DACFDB20D8256B00301418 /* Assets.xcassets */,
				A1DACFDD20D8256B00301418 /* LaunchScreen.storyboard */,
				A1DACFE020D8256B00301418 /* Info.plist */,
				A1F1860520D9420900D917D8 /* R.generated.swift */,
			);
			path = "Support Files";
			sourceTree = "<group>";
		};
		A1DACFF720D8BEDC00301418 /* Store */ = {
			isa = PBXGroup;
			children = (
				A167329E20D8C85C00279692 /* Repository */,
				A167329220D8C6AE00279692 /* Entity */,
				A167329520D8C71D00279692 /* Mapper */,
				A167328220D8C3B900279692 /* Network */,
			);
			path = Store;
			sourceTree = "<group>";
		};
		A1DACFF820D8BEE100301418 /* Domain */ = {
			isa = PBXGroup;
			children = (
				A1F185D720D9299500D917D8 /* Model */,
				A1F185D620D9299000D917D8 /* Mapper */,
				A1F185D520D9298300D917D8 /* Use Case */,
			);
			path = Domain;
			sourceTree = "<group>";
		};
		A1DACFF920D8BEE600301418 /* Presentation */ = {
			isa = PBXGroup;
			children = (
				A1F185EF20D93BFD00D917D8 /* Protocol */,
				A1F185E520D93AAE00D917D8 /* Extension */,
				A1F185E420D93A6600D917D8 /* Scenes */,
			);
			path = Presentation;
			sourceTree = "<group>";
		};
		A1F185D520D9298300D917D8 /* Use Case */ = {
			isa = PBXGroup;
			children = (
				A1F185E220D92B5400D917D8 /* FetchPlacesUseCase.swift */,
			);
			path = "Use Case";
			sourceTree = "<group>";
		};
		A1F185D620D9299000D917D8 /* Mapper */ = {
			isa = PBXGroup;
			children = (
				A1F185DF20D92A0D00D917D8 /* Model */,
				A1F185DC20D929F700D917D8 /* Generic */,
				A1F185DA20D929D600D917D8 /* MappableModel.swift */,
			);
			path = Mapper;
			sourceTree = "<group>";
		};
		A1F185D720D9299500D917D8 /* Model */ = {
			isa = PBXGroup;
			children = (
				A1F185D820D929A600D917D8 /* PlaceModel.swift */,
			);
			path = Model;
			sourceTree = "<group>";
		};
		A1F185DC20D929F700D917D8 /* Generic */ = {
			isa = PBXGroup;
			children = (
				A1F185DD20D92A0400D917D8 /* GenericModelMapper.swift */,
			);
			path = Generic;
			sourceTree = "<group>";
		};
		A1F185DF20D92A0D00D917D8 /* Model */ = {
			isa = PBXGroup;
			children = (
				A1F185E020D92A2E00D917D8 /* PlaceModel+Mappable.swift */,
			);
			path = Model;
			sourceTree = "<group>";
		};
		A1F185E420D93A6600D917D8 /* Scenes */ = {
			isa = PBXGroup;
			children = (
				A1F185EE20D93BC400D917D8 /* Search Place */,
				A1F1861B20D94B9900D917D8 /* Map */,
				A1DACFD820D8256800301418 /* Main.storyboard */,
			);
			path = Scenes;
			sourceTree = "<group>";
		};
		A1F185E520D93AAE00D917D8 /* Extension */ = {
			isa = PBXGroup;
			children = (
				A1F1863720DA09E600D917D8 /* CLLocationCoordinate2D */,
				A1F185E620D93AB800D917D8 /* NavigationBar */,
			);
			path = Extension;
			sourceTree = "<group>";
		};
		A1F185E620D93AB800D917D8 /* NavigationBar */ = {
			isa = PBXGroup;
			children = (
				A1F185E920D93AF300D917D8 /* Theme */,
				A1F185E720D93AE300D917D8 /* UIViewController+NavigationBar.swift */,
			);
			path = NavigationBar;
			sourceTree = "<group>";
		};
		A1F185E920D93AF300D917D8 /* Theme */ = {
			isa = PBXGroup;
			children = (
				A1F185EA20D93B0F00D917D8 /* NavigationBarTheme.swift */,
				A1F185EC20D93B2C00D917D8 /* DefaultNavigationBarTheme.swift */,
			);
			path = Theme;
			sourceTree = "<group>";
		};
		A1F185EE20D93BC400D917D8 /* Search Place */ = {
			isa = PBXGroup;
			children = (
				A1F1860F20D9444000D917D8 /* Mapper */,
				A1F185FE20D9408E00D917D8 /* ViewModel */,
				A1F185F320D93CA800D917D8 /* TableView */,
				A1F185F420D93D4400D917D8 /* SearchPlaceViewController.swift */,
				A1F185F620D93D7D00D917D8 /* SearchPlacePresenter.swift */,
				A1F185FA20D93D9900D917D8 /* SearchPlaceRouter.swift */,
				A1F185F820D93D9000D917D8 /* SearchPlaceConfigurator.swift */,
			);
			path = "Search Place";
			sourceTree = "<group>";
		};
		A1F185EF20D93BFD00D917D8 /* Protocol */ = {
			isa = PBXGroup;
			children = (
				A1F1860920D943C000D917D8 /* Mapper */,
				A1F185F020D93C0400D917D8 /* Adapter */,
			);
			path = Protocol;
			sourceTree = "<group>";
		};
		A1F185F020D93C0400D917D8 /* Adapter */ = {
			isa = PBXGroup;
			children = (
				A1F185F120D93C1100D917D8 /* TableViewAdapter.swift */,
				A1F1862820D9565C00D917D8 /* MapViewAdapter.swift */,
			);
			path = Adapter;
			sourceTree = "<group>";
		};
		A1F185F320D93CA800D917D8 /* TableView */ = {
			isa = PBXGroup;
			children = (
				A1F1860120D9418300D917D8 /* Cell */,
				A1F185FC20D9402F00D917D8 /* PlacesTableViewAdapter.swift */,
			);
			path = TableView;
			sourceTree = "<group>";
		};
		A1F185FE20D9408E00D917D8 /* ViewModel */ = {
			isa = PBXGroup;
			children = (
				A1F185FF20D940B500D917D8 /* PlaceViewModel.swift */,
			);
			path = ViewModel;
			sourceTree = "<group>";
		};
		A1F1860120D9418300D917D8 /* Cell */ = {
			isa = PBXGroup;
			children = (
				A1F1860720D942F900D917D8 /* PlaceTableViewCell.swift */,
				A1F1860220D9419500D917D8 /* PlaceTableViewCell.xib */,
			);
			path = Cell;
			sourceTree = "<group>";
		};
		A1F1860920D943C000D917D8 /* Mapper */ = {
			isa = PBXGroup;
			children = (
				A1F1860C20D943EE00D917D8 /* Generic */,
				A1F1860A20D943DD00D917D8 /* MappableViewModel.swift */,
			);
			path = Mapper;
			sourceTree = "<group>";
		};
		A1F1860C20D943EE00D917D8 /* Generic */ = {
			isa = PBXGroup;
			children = (
				A1F1860D20D9440800D917D8 /* GenericViewModelMapper.swift */,
			);
			path = Generic;
			sourceTree = "<group>";
		};
		A1F1860F20D9444000D917D8 /* Mapper */ = {
			isa = PBXGroup;
			children = (
				A1F1861020D9446000D917D8 /* PlaceViewModel+Mappable.swift */,
			);
			path = Mapper;
			sourceTree = "<group>";
		};
		A1F1861220D9475700D917D8 /* Dependency Injection */ = {
			isa = PBXGroup;
			children = (
				A1F1861320D9479400D917D8 /* RepositoryDependencyInjection.swift */,
				A1F1861520D947B500D917D8 /* UseCaseDependencyInjection.swift */,
				A1F1861720D9489000D917D8 /* SceneDependencyInjection.swift */,
				A1F1861920D948D900D917D8 /* SwinjectStoryboard+Setup.swift */,
			);
			path = "Dependency Injection";
			sourceTree = "<group>";
		};
		A1F1861B20D94B9900D917D8 /* Map */ = {
			isa = PBXGroup;
			children = (
				A1F1863220D99E5D00D917D8 /* MapView */,
				A1F1862A20D956ED00D917D8 /* MapScreenViewController.swift */,
				A1F1862C20D9574A00D917D8 /* MapScreenPresenter.swift */,
				A1F1862E20D9577A00D917D8 /* MapScreenRouter.swift */,
				A1F1863020D957B800D917D8 /* MapScreenConfigurator.swift */,
			);
			path = Map;
			sourceTree = "<group>";
		};
		A1F1863220D99E5D00D917D8 /* MapView */ = {
			isa = PBXGroup;
			children = (
				A1F1863520D99EAC00D917D8 /* PlacesMapViewAdapter.swift */,
			);
			path = MapView;
			sourceTree = "<group>";
		};
		A1F1863720DA09E600D917D8 /* CLLocationCoordinate2D */ = {
			isa = PBXGroup;
			children = (
				A1F1863820DA0A0300D917D8 /* CLLocationCoordinate2D+Equatable.swift */,
			);
			path = CLLocationCoordinate2D;
			sourceTree = "<group>";
		};
/* End PBXGroup section */

/* Begin PBXNativeTarget section */
		A1DACFD020D8256800301418 /* LocationFinder */ = {
			isa = PBXNativeTarget;
			buildConfigurationList = A1DACFEE20D8256B00301418 /* Build configuration list for PBXNativeTarget "LocationFinder" */;
			buildPhases = (
				37DDBFA75D71D56B3E68BAAD /* [CP] Check Pods Manifest.lock */,
				A1F1860420D941D800D917D8 /* ShellScript */,
				A1DACFCD20D8256800301418 /* Sources */,
				A1DACFCE20D8256800301418 /* Frameworks */,
				A1DACFCF20D8256800301418 /* Resources */,
				096C1CC20CAEB4AFFAC700D1 /* [CP] Embed Pods Frameworks */,
			);
			buildRules = (
			);
			dependencies = (
			);
			name = LocationFinder;
			productName = LocationFinder;
			productReference = A1DACFD120D8256800301418 /* LocationFinder.app */;
			productType = "com.apple.product-type.application";
		};
		A1DACFE420D8256B00301418 /* LocationFinderTests */ = {
			isa = PBXNativeTarget;
			buildConfigurationList = A1DACFF120D8256B00301418 /* Build configuration list for PBXNativeTarget "LocationFinderTests" */;
			buildPhases = (
				E207D09E1437A0A054955413 /* [CP] Check Pods Manifest.lock */,
				A1DACFE120D8256B00301418 /* Sources */,
				A1DACFE220D8256B00301418 /* Frameworks */,
				A1DACFE320D8256B00301418 /* Resources */,
			);
			buildRules = (
			);
			dependencies = (
				A1DACFE720D8256B00301418 /* PBXTargetDependency */,
			);
			name = LocationFinderTests;
			productName = LocationFinderTests;
			productReference = A1DACFE520D8256B00301418 /* LocationFinderTests.xctest */;
			productType = "com.apple.product-type.bundle.unit-test";
		};
/* End PBXNativeTarget section */

/* Begin PBXProject section */
		A1DACFC920D8256800301418 /* Project object */ = {
			isa = PBXProject;
			attributes = {
				LastSwiftUpdateCheck = 0940;
				LastUpgradeCheck = 0940;
				ORGANIZATIONNAME = "Vinicius Romani";
				TargetAttributes = {
					A1DACFD020D8256800301418 = {
						CreatedOnToolsVersion = 9.4.1;
					};
					A1DACFE420D8256B00301418 = {
						CreatedOnToolsVersion = 9.4.1;
						TestTargetID = A1DACFD020D8256800301418;
					};
				};
			};
			buildConfigurationList = A1DACFCC20D8256800301418 /* Build configuration list for PBXProject "LocationFinder" */;
			compatibilityVersion = "Xcode 9.3";
			developmentRegion = en;
			hasScannedForEncodings = 0;
			knownRegions = (
				en,
				Base,
			);
			mainGroup = A1DACFC820D8256800301418;
			productRefGroup = A1DACFD220D8256800301418 /* Products */;
			projectDirPath = "";
			projectRoot = "";
			targets = (
				A1DACFD020D8256800301418 /* LocationFinder */,
				A1DACFE420D8256B00301418 /* LocationFinderTests */,
			);
		};
/* End PBXProject section */

/* Begin PBXResourcesBuildPhase section */
		A1DACFCF20D8256800301418 /* Resources */ = {
			isa = PBXResourcesBuildPhase;
			buildActionMask = 2147483647;
			files = (
				A1DACFDF20D8256B00301418 /* LaunchScreen.storyboard in Resources */,
				A1DACFDC20D8256B00301418 /* Assets.xcassets in Resources */,
				A1DACFDA20D8256800301418 /* Main.storyboard in Resources */,
				A1F1860320D9419500D917D8 /* PlaceTableViewCell.xib in Resources */,
			);
			runOnlyForDeploymentPostprocessing = 0;
		};
		A1DACFE320D8256B00301418 /* Resources */ = {
			isa = PBXResourcesBuildPhase;
			buildActionMask = 2147483647;
			files = (
			);
			runOnlyForDeploymentPostprocessing = 0;
		};
/* End PBXResourcesBuildPhase section */

/* Begin PBXShellScriptBuildPhase section */
		096C1CC20CAEB4AFFAC700D1 /* [CP] Embed Pods Frameworks */ = {
			isa = PBXShellScriptBuildPhase;
			buildActionMask = 2147483647;
			files = (
			);
			inputPaths = (
				"${SRCROOT}/Pods/Target Support Files/Pods-LocationFinder/Pods-LocationFinder-frameworks.sh",
				"${BUILT_PRODUCTS_DIR}/Alamofire/Alamofire.framework",
				"${BUILT_PRODUCTS_DIR}/Moya/Moya.framework",
				"${BUILT_PRODUCTS_DIR}/R.swift.Library/Rswift.framework",
				"${BUILT_PRODUCTS_DIR}/Result/Result.framework",
				"${BUILT_PRODUCTS_DIR}/RxSwift/RxSwift.framework",
				"${BUILT_PRODUCTS_DIR}/Swinject/Swinject.framework",
				"${BUILT_PRODUCTS_DIR}/SwinjectStoryboard/SwinjectStoryboard.framework",
			);
			name = "[CP] Embed Pods Frameworks";
			outputPaths = (
				"${TARGET_BUILD_DIR}/${FRAMEWORKS_FOLDER_PATH}/Alamofire.framework",
				"${TARGET_BUILD_DIR}/${FRAMEWORKS_FOLDER_PATH}/Moya.framework",
				"${TARGET_BUILD_DIR}/${FRAMEWORKS_FOLDER_PATH}/Rswift.framework",
				"${TARGET_BUILD_DIR}/${FRAMEWORKS_FOLDER_PATH}/Result.framework",
				"${TARGET_BUILD_DIR}/${FRAMEWORKS_FOLDER_PATH}/RxSwift.framework",
				"${TARGET_BUILD_DIR}/${FRAMEWORKS_FOLDER_PATH}/Swinject.framework",
				"${TARGET_BUILD_DIR}/${FRAMEWORKS_FOLDER_PATH}/SwinjectStoryboard.framework",
			);
			runOnlyForDeploymentPostprocessing = 0;
			shellPath = /bin/sh;
			shellScript = "\"${SRCROOT}/Pods/Target Support Files/Pods-LocationFinder/Pods-LocationFinder-frameworks.sh\"\n";
			showEnvVarsInLog = 0;
		};
		37DDBFA75D71D56B3E68BAAD /* [CP] Check Pods Manifest.lock */ = {
			isa = PBXShellScriptBuildPhase;
			buildActionMask = 2147483647;
			files = (
			);
			inputPaths = (
				"${PODS_PODFILE_DIR_PATH}/Podfile.lock",
				"${PODS_ROOT}/Manifest.lock",
			);
			name = "[CP] Check Pods Manifest.lock";
			outputPaths = (
				"$(DERIVED_FILE_DIR)/Pods-LocationFinder-checkManifestLockResult.txt",
			);
			runOnlyForDeploymentPostprocessing = 0;
			shellPath = /bin/sh;
			shellScript = "diff \"${PODS_PODFILE_DIR_PATH}/Podfile.lock\" \"${PODS_ROOT}/Manifest.lock\" > /dev/null\nif [ $? != 0 ] ; then\n    # print error to STDERR\n    echo \"error: The sandbox is not in sync with the Podfile.lock. Run 'pod install' or update your CocoaPods installation.\" >&2\n    exit 1\nfi\n# This output is used by Xcode 'outputs' to avoid re-running this script phase.\necho \"SUCCESS\" > \"${SCRIPT_OUTPUT_FILE_0}\"\n";
			showEnvVarsInLog = 0;
		};
		A1F1860420D941D800D917D8 /* ShellScript */ = {
			isa = PBXShellScriptBuildPhase;
			buildActionMask = 2147483647;
			files = (
			);
			inputPaths = (
			);
			outputPaths = (
			);
			runOnlyForDeploymentPostprocessing = 0;
			shellPath = /bin/sh;
			shellScript = "\"$PODS_ROOT/R.swift/rswift\" generate \"$SRCROOT\"";
		};
		E207D09E1437A0A054955413 /* [CP] Check Pods Manifest.lock */ = {
			isa = PBXShellScriptBuildPhase;
			buildActionMask = 2147483647;
			files = (
			);
			inputPaths = (
				"${PODS_PODFILE_DIR_PATH}/Podfile.lock",
				"${PODS_ROOT}/Manifest.lock",
			);
			name = "[CP] Check Pods Manifest.lock";
			outputPaths = (
				"$(DERIVED_FILE_DIR)/Pods-LocationFinderTests-checkManifestLockResult.txt",
			);
			runOnlyForDeploymentPostprocessing = 0;
			shellPath = /bin/sh;
			shellScript = "diff \"${PODS_PODFILE_DIR_PATH}/Podfile.lock\" \"${PODS_ROOT}/Manifest.lock\" > /dev/null\nif [ $? != 0 ] ; then\n    # print error to STDERR\n    echo \"error: The sandbox is not in sync with the Podfile.lock. Run 'pod install' or update your CocoaPods installation.\" >&2\n    exit 1\nfi\n# This output is used by Xcode 'outputs' to avoid re-running this script phase.\necho \"SUCCESS\" > \"${SCRIPT_OUTPUT_FILE_0}\"\n";
			showEnvVarsInLog = 0;
		};
/* End PBXShellScriptBuildPhase section */

/* Begin PBXSourcesBuildPhase section */
		A1DACFCD20D8256800301418 /* Sources */ = {
			isa = PBXSourcesBuildPhase;
			buildActionMask = 2147483647;
			files = (
				A1F1860B20D943DD00D917D8 /* MappableViewModel.swift in Sources */,
				A167329720D8C74B00279692 /* MappableEntity.swift in Sources */,
				A1F1860020D940B500D917D8 /* PlaceViewModel.swift in Sources */,
				A1F185F720D93D7D00D917D8 /* SearchPlacePresenter.swift in Sources */,
				A1F185DB20D929D600D917D8 /* MappableModel.swift in Sources */,
				A167329A20D8C77500279692 /* GenericEntityMapper.swift in Sources */,
				A167329D20D8C7C600279692 /* PlaceEntity+MappableEntity.swift in Sources */,
				A1F1860E20D9440800D917D8 /* GenericViewModelMapper.swift in Sources */,
				A1F185E820D93AE300D917D8 /* UIViewController+NavigationBar.swift in Sources */,
				A167328D20D8C5DB00279692 /* JSONError.swift in Sources */,
				A1F1861820D9489000D917D8 /* SceneDependencyInjection.swift in Sources */,
				A16732A020D8C87F00279692 /* GoogleRepository.swift in Sources */,
				A1F185ED20D93B2C00D917D8 /* DefaultNavigationBarTheme.swift in Sources */,
				A167329120D8C64800279692 /* ErrorCatcher.swift in Sources */,
				A1F1863920DA0A0300D917D8 /* CLLocationCoordinate2D+Equatable.swift in Sources */,
				A1F1860820D942F900D917D8 /* PlaceTableViewCell.swift in Sources */,
				A167328420D8C3CC00279692 /* LocationFinderAPI.swift in Sources */,
				A1F185F220D93C1100D917D8 /* TableViewAdapter.swift in Sources */,
				A1F1861120D9446000D917D8 /* PlaceViewModel+Mappable.swift in Sources */,
				A1F185D920D929A600D917D8 /* PlaceModel.swift in Sources */,
				A1F185DE20D92A0400D917D8 /* GenericModelMapper.swift in Sources */,
				A1F1861620D947B500D917D8 /* UseCaseDependencyInjection.swift in Sources */,
				A1F185EB20D93B0F00D917D8 /* NavigationBarTheme.swift in Sources */,
				A1F1860620D9420900D917D8 /* R.generated.swift in Sources */,
				A1F185F920D93D9000D917D8 /* SearchPlaceConfigurator.swift in Sources */,
				A1DACFD520D8256800301418 /* AppDelegate.swift in Sources */,
				A1F1862B20D956ED00D917D8 /* MapScreenViewController.swift in Sources */,
				A167328B20D8C5CD00279692 /* HTTPError.swift in Sources */,
				A167329420D8C6CE00279692 /* PlaceEntity.swift in Sources */,
				A1F185FB20D93D9900D917D8 /* SearchPlaceRouter.swift in Sources */,
				A1F1863120D957B800D917D8 /* MapScreenConfigurator.swift in Sources */,
				A1F1862F20D9577A00D917D8 /* MapScreenRouter.swift in Sources */,
				A167328F20D8C5F300279692 /* MapperError.swift in Sources */,
				A1F185E120D92A2E00D917D8 /* PlaceModel+Mappable.swift in Sources */,
				A1F185FD20D9402F00D917D8 /* PlacesTableViewAdapter.swift in Sources */,
				A1F1863620D99EAC00D917D8 /* PlacesMapViewAdapter.swift in Sources */,
				A1F185F520D93D4400D917D8 /* SearchPlaceViewController.swift in Sources */,
				A167328720D8C40C00279692 /* NetworkSettings.swift in Sources */,
				A1F1862D20D9574A00D917D8 /* MapScreenPresenter.swift in Sources */,
				A1F1861420D9479400D917D8 /* RepositoryDependencyInjection.swift in Sources */,
				A1F1861A20D948D900D917D8 /* SwinjectStoryboard+Setup.swift in Sources */,
				A1F185E320D92B5400D917D8 /* FetchPlacesUseCase.swift in Sources */,
				A16732A320D8C8CE00279692 /* GoogleNetworkRepository.swift in Sources */,
				A1F1862920D9565C00D917D8 /* MapViewAdapter.swift in Sources */,
			);
			runOnlyForDeploymentPostprocessing = 0;
		};
		A1DACFE120D8256B00301418 /* Sources */ = {
			isa = PBXSourcesBuildPhase;
			buildActionMask = 2147483647;
			files = (
				A1DACFEA20D8256B00301418 /* LocationFinderTests.swift in Sources */,
			);
			runOnlyForDeploymentPostprocessing = 0;
		};
/* End PBXSourcesBuildPhase section */

/* Begin PBXTargetDependency section */
		A1DACFE720D8256B00301418 /* PBXTargetDependency */ = {
			isa = PBXTargetDependency;
			target = A1DACFD020D8256800301418 /* LocationFinder */;
			targetProxy = A1DACFE620D8256B00301418 /* PBXContainerItemProxy */;
		};
/* End PBXTargetDependency section */

/* Begin PBXVariantGroup section */
		A1DACFD820D8256800301418 /* Main.storyboard */ = {
			isa = PBXVariantGroup;
			children = (
				A1DACFD920D8256800301418 /* Base */,
				A1F1862420D94D7000D917D8 /* pt */,
				A1F1862720D94DA500D917D8 /* en */,
			);
			name = Main.storyboard;
			sourceTree = "<group>";
		};
		A1DACFDD20D8256B00301418 /* LaunchScreen.storyboard */ = {
			isa = PBXVariantGroup;
			children = (
				A1DACFDE20D8256B00301418 /* Base */,
				A1F1862520D94D7000D917D8 /* pt */,
			);
			name = LaunchScreen.storyboard;
			sourceTree = "<group>";
		};
/* End PBXVariantGroup section */

/* Begin XCBuildConfiguration section */
		A1DACFEC20D8256B00301418 /* Debug */ = {
			isa = XCBuildConfiguration;
			buildSettings = {
				ALWAYS_SEARCH_USER_PATHS = NO;
				CLANG_ANALYZER_LOCALIZABILITY_NONLOCALIZED = YES;
				CLANG_ANALYZER_NONNULL = YES;
				CLANG_ANALYZER_NUMBER_OBJECT_CONVERSION = YES_AGGRESSIVE;
				CLANG_CXX_LANGUAGE_STANDARD = "gnu++14";
				CLANG_CXX_LIBRARY = "libc++";
				CLANG_ENABLE_MODULES = YES;
				CLANG_ENABLE_OBJC_ARC = YES;
				CLANG_ENABLE_OBJC_WEAK = YES;
				CLANG_WARN_BLOCK_CAPTURE_AUTORELEASING = YES;
				CLANG_WARN_BOOL_CONVERSION = YES;
				CLANG_WARN_COMMA = YES;
				CLANG_WARN_CONSTANT_CONVERSION = YES;
				CLANG_WARN_DEPRECATED_OBJC_IMPLEMENTATIONS = YES;
				CLANG_WARN_DIRECT_OBJC_ISA_USAGE = YES_ERROR;
				CLANG_WARN_DOCUMENTATION_COMMENTS = YES;
				CLANG_WARN_EMPTY_BODY = YES;
				CLANG_WARN_ENUM_CONVERSION = YES;
				CLANG_WARN_INFINITE_RECURSION = YES;
				CLANG_WARN_INT_CONVERSION = YES;
				CLANG_WARN_NON_LITERAL_NULL_CONVERSION = YES;
				CLANG_WARN_OBJC_IMPLICIT_RETAIN_SELF = YES;
				CLANG_WARN_OBJC_LITERAL_CONVERSION = YES;
				CLANG_WARN_OBJC_ROOT_CLASS = YES_ERROR;
				CLANG_WARN_RANGE_LOOP_ANALYSIS = YES;
				CLANG_WARN_STRICT_PROTOTYPES = YES;
				CLANG_WARN_SUSPICIOUS_MOVE = YES;
				CLANG_WARN_UNGUARDED_AVAILABILITY = YES_AGGRESSIVE;
				CLANG_WARN_UNREACHABLE_CODE = YES;
				CLANG_WARN__DUPLICATE_METHOD_MATCH = YES;
				CODE_SIGN_IDENTITY = "iPhone Developer";
				COPY_PHASE_STRIP = NO;
				DEBUG_INFORMATION_FORMAT = dwarf;
				ENABLE_STRICT_OBJC_MSGSEND = YES;
				ENABLE_TESTABILITY = YES;
				GCC_C_LANGUAGE_STANDARD = gnu11;
				GCC_DYNAMIC_NO_PIC = NO;
				GCC_NO_COMMON_BLOCKS = YES;
				GCC_OPTIMIZATION_LEVEL = 0;
				GCC_PREPROCESSOR_DEFINITIONS = (
					"DEBUG=1",
					"$(inherited)",
				);
				GCC_WARN_64_TO_32_BIT_CONVERSION = YES;
				GCC_WARN_ABOUT_RETURN_TYPE = YES_ERROR;
				GCC_WARN_UNDECLARED_SELECTOR = YES;
				GCC_WARN_UNINITIALIZED_AUTOS = YES_AGGRESSIVE;
				GCC_WARN_UNUSED_FUNCTION = YES;
				GCC_WARN_UNUSED_VARIABLE = YES;
				IPHONEOS_DEPLOYMENT_TARGET = 11.4;
				MTL_ENABLE_DEBUG_INFO = YES;
				ONLY_ACTIVE_ARCH = YES;
				SDKROOT = iphoneos;
				SWIFT_ACTIVE_COMPILATION_CONDITIONS = DEBUG;
				SWIFT_OPTIMIZATION_LEVEL = "-Onone";
			};
			name = Debug;
		};
		A1DACFED20D8256B00301418 /* Release */ = {
			isa = XCBuildConfiguration;
			buildSettings = {
				ALWAYS_SEARCH_USER_PATHS = NO;
				CLANG_ANALYZER_LOCALIZABILITY_NONLOCALIZED = YES;
				CLANG_ANALYZER_NONNULL = YES;
				CLANG_ANALYZER_NUMBER_OBJECT_CONVERSION = YES_AGGRESSIVE;
				CLANG_CXX_LANGUAGE_STANDARD = "gnu++14";
				CLANG_CXX_LIBRARY = "libc++";
				CLANG_ENABLE_MODULES = YES;
				CLANG_ENABLE_OBJC_ARC = YES;
				CLANG_ENABLE_OBJC_WEAK = YES;
				CLANG_WARN_BLOCK_CAPTURE_AUTORELEASING = YES;
				CLANG_WARN_BOOL_CONVERSION = YES;
				CLANG_WARN_COMMA = YES;
				CLANG_WARN_CONSTANT_CONVERSION = YES;
				CLANG_WARN_DEPRECATED_OBJC_IMPLEMENTATIONS = YES;
				CLANG_WARN_DIRECT_OBJC_ISA_USAGE = YES_ERROR;
				CLANG_WARN_DOCUMENTATION_COMMENTS = YES;
				CLANG_WARN_EMPTY_BODY = YES;
				CLANG_WARN_ENUM_CONVERSION = YES;
				CLANG_WARN_INFINITE_RECURSION = YES;
				CLANG_WARN_INT_CONVERSION = YES;
				CLANG_WARN_NON_LITERAL_NULL_CONVERSION = YES;
				CLANG_WARN_OBJC_IMPLICIT_RETAIN_SELF = YES;
				CLANG_WARN_OBJC_LITERAL_CONVERSION = YES;
				CLANG_WARN_OBJC_ROOT_CLASS = YES_ERROR;
				CLANG_WARN_RANGE_LOOP_ANALYSIS = YES;
				CLANG_WARN_STRICT_PROTOTYPES = YES;
				CLANG_WARN_SUSPICIOUS_MOVE = YES;
				CLANG_WARN_UNGUARDED_AVAILABILITY = YES_AGGRESSIVE;
				CLANG_WARN_UNREACHABLE_CODE = YES;
				CLANG_WARN__DUPLICATE_METHOD_MATCH = YES;
				CODE_SIGN_IDENTITY = "iPhone Developer";
				COPY_PHASE_STRIP = NO;
				DEBUG_INFORMATION_FORMAT = "dwarf-with-dsym";
				ENABLE_NS_ASSERTIONS = NO;
				ENABLE_STRICT_OBJC_MSGSEND = YES;
				GCC_C_LANGUAGE_STANDARD = gnu11;
				GCC_NO_COMMON_BLOCKS = YES;
				GCC_WARN_64_TO_32_BIT_CONVERSION = YES;
				GCC_WARN_ABOUT_RETURN_TYPE = YES_ERROR;
				GCC_WARN_UNDECLARED_SELECTOR = YES;
				GCC_WARN_UNINITIALIZED_AUTOS = YES_AGGRESSIVE;
				GCC_WARN_UNUSED_FUNCTION = YES;
				GCC_WARN_UNUSED_VARIABLE = YES;
				IPHONEOS_DEPLOYMENT_TARGET = 11.4;
				MTL_ENABLE_DEBUG_INFO = NO;
				SDKROOT = iphoneos;
				SWIFT_COMPILATION_MODE = wholemodule;
				SWIFT_OPTIMIZATION_LEVEL = "-O";
				VALIDATE_PRODUCT = YES;
			};
			name = Release;
		};
		A1DACFEF20D8256B00301418 /* Debug */ = {
			isa = XCBuildConfiguration;
			baseConfigurationReference = 32BFC656E9B4D02A1856EA42 /* Pods-LocationFinder.debug.xcconfig */;
			buildSettings = {
				ASSETCATALOG_COMPILER_APPICON_NAME = AppIcon;
				CODE_SIGN_STYLE = Automatic;
				DEVELOPMENT_TEAM = BKR95QN7KN;
				INFOPLIST_FILE = "$(SRCROOT)/LocationFinder/Support Files/Info.plist";
				LD_RUNPATH_SEARCH_PATHS = (
					"$(inherited)",
					"@executable_path/Frameworks",
				);
				PRODUCT_BUNDLE_IDENTIFIER = com.personal.LocationFinder;
				PRODUCT_NAME = "$(TARGET_NAME)";
				SWIFT_VERSION = 4.0;
				TARGETED_DEVICE_FAMILY = "1,2";
			};
			name = Debug;
		};
		A1DACFF020D8256B00301418 /* Release */ = {
			isa = XCBuildConfiguration;
			baseConfigurationReference = 22D11D95DEC742B86E1F2A07 /* Pods-LocationFinder.release.xcconfig */;
			buildSettings = {
				ASSETCATALOG_COMPILER_APPICON_NAME = AppIcon;
				CODE_SIGN_STYLE = Automatic;
				DEVELOPMENT_TEAM = BKR95QN7KN;
				INFOPLIST_FILE = "$(SRCROOT)/LocationFinder/Support Files/Info.plist";
				LD_RUNPATH_SEARCH_PATHS = (
					"$(inherited)",
					"@executable_path/Frameworks",
				);
				PRODUCT_BUNDLE_IDENTIFIER = com.personal.LocationFinder;
				PRODUCT_NAME = "$(TARGET_NAME)";
				SWIFT_VERSION = 4.0;
				TARGETED_DEVICE_FAMILY = "1,2";
			};
			name = Release;
		};
		A1DACFF220D8256B00301418 /* Debug */ = {
			isa = XCBuildConfiguration;
			baseConfigurationReference = 39917E49568C253F2496B304 /* Pods-LocationFinderTests.debug.xcconfig */;
			buildSettings = {
				ALWAYS_EMBED_SWIFT_STANDARD_LIBRARIES = YES;
				BUNDLE_LOADER = "$(TEST_HOST)";
				CODE_SIGN_STYLE = Automatic;
				DEVELOPMENT_TEAM = BKR95QN7KN;
				INFOPLIST_FILE = LocationFinderTests/Info.plist;
				LD_RUNPATH_SEARCH_PATHS = (
					"$(inherited)",
					"@executable_path/Frameworks",
					"@loader_path/Frameworks",
				);
				PRODUCT_BUNDLE_IDENTIFIER = com.personal.LocationFinderTests;
				PRODUCT_NAME = "$(TARGET_NAME)";
				SWIFT_VERSION = 4.0;
				TARGETED_DEVICE_FAMILY = "1,2";
				TEST_HOST = "$(BUILT_PRODUCTS_DIR)/LocationFinder.app/LocationFinder";
			};
			name = Debug;
		};
		A1DACFF320D8256B00301418 /* Release */ = {
			isa = XCBuildConfiguration;
			baseConfigurationReference = 60CCFA51D2D4F317D786B154 /* Pods-LocationFinderTests.release.xcconfig */;
			buildSettings = {
				ALWAYS_EMBED_SWIFT_STANDARD_LIBRARIES = YES;
				BUNDLE_LOADER = "$(TEST_HOST)";
				CODE_SIGN_STYLE = Automatic;
				DEVELOPMENT_TEAM = BKR95QN7KN;
				INFOPLIST_FILE = LocationFinderTests/Info.plist;
				LD_RUNPATH_SEARCH_PATHS = (
					"$(inherited)",
					"@executable_path/Frameworks",
					"@loader_path/Frameworks",
				);
				PRODUCT_BUNDLE_IDENTIFIER = com.personal.LocationFinderTests;
				PRODUCT_NAME = "$(TARGET_NAME)";
				SWIFT_VERSION = 4.0;
				TARGETED_DEVICE_FAMILY = "1,2";
				TEST_HOST = "$(BUILT_PRODUCTS_DIR)/LocationFinder.app/LocationFinder";
			};
			name = Release;
		};
/* End XCBuildConfiguration section */

/* Begin XCConfigurationList section */
		A1DACFCC20D8256800301418 /* Build configuration list for PBXProject "LocationFinder" */ = {
			isa = XCConfigurationList;
			buildConfigurations = (
				A1DACFEC20D8256B00301418 /* Debug */,
				A1DACFED20D8256B00301418 /* Release */,
			);
			defaultConfigurationIsVisible = 0;
			defaultConfigurationName = Release;
		};
		A1DACFEE20D8256B00301418 /* Build configuration list for PBXNativeTarget "LocationFinder" */ = {
			isa = XCConfigurationList;
			buildConfigurations = (
				A1DACFEF20D8256B00301418 /* Debug */,
				A1DACFF020D8256B00301418 /* Release */,
			);
			defaultConfigurationIsVisible = 0;
			defaultConfigurationName = Release;
		};
		A1DACFF120D8256B00301418 /* Build configuration list for PBXNativeTarget "LocationFinderTests" */ = {
			isa = XCConfigurationList;
			buildConfigurations = (
				A1DACFF220D8256B00301418 /* Debug */,
				A1DACFF320D8256B00301418 /* Release */,
			);
			defaultConfigurationIsVisible = 0;
			defaultConfigurationName = Release;
		};
/* End XCConfigurationList section */
	};
	rootObject = A1DACFC920D8256800301418 /* Project object */;
}
